
Microsoft Visual Studio Solution File, Format Version 12.00
# Visual Studio Version 16
VisualStudioVersion = 16.0.31129.286
MinimumVisualStudioVersion = 10.0.40219.1
Project("{9A19103F-16F7-4668-BE54-9A1E7A4F7556}") = "OnMallBackStage.Web", "OnMallBackStage.Web\OnMallBackStage.Web.csproj", "{4D65DBBE-5EB7-4103-BC29-8C280D6CFE3F}"
EndProject
Project("{9A19103F-16F7-4668-BE54-9A1E7A4F7556}") = "OnMallBackStage.EntityFrameworkCore", "OnMallBackStage.EntityFrameworkCore\OnMallBackStage.EntityFrameworkCore.csproj", "{F9238430-3C43-4AD4-B633-1BB607E21B05}"
EndProject
Project("{FAE04EC0-301F-11D3-BF4B-00C04F79EFBC}") = "OnMallBackStage.Domain", "OnMallBackStage.Domain\OnMallBackStage.Domain.csproj", "{079B82B4-E939-485F-A3C4-E9CCD9FAC9E4}"
EndProject
Project("{FAE04EC0-301F-11D3-BF4B-00C04F79EFBC}") = "OnMallBackStage.Application", "OnMallBackStage.Application\OnMallBackStage.Application.csproj", "{2CC52334-93C6-4E07-8002-28D571339D5B}"
EndProject
Global
	GlobalSection(SolutionConfigurationPlatforms) = preSolution
		Debug|Any CPU = Debug|Any CPU
		Release|Any CPU = Release|Any CPU
	EndGlobalSection
	GlobalSection(ProjectConfigurationPlatforms) = postSolution
		{4D65DBBE-5EB7-4103-BC29-8C280D6CFE3F}.Debug|Any CPU.ActiveCfg = Debug|Any CPU
		{4D65DBBE-5EB7-4103-BC29-8C280D6CFE3F}.Debug|Any CPU.Build.0 = Debug|Any CPU
		{4D65DBBE-5EB7-4103-BC29-8C280D6CFE3F}.Release|Any CPU.ActiveCfg = Release|Any CPU
		{4D65DBBE-5EB7-4103-BC29-8C280D6CFE3F}.Release|Any CPU.Build.0 = Release|Any CPU
		{F9238430-3C43-4AD4-B633-1BB607E21B05}.Debug|Any CPU.ActiveCfg = Debug|Any CPU
		{F9238430-3C43-4AD4-B633-1BB607E21B05}.Debug|Any CPU.Build.0 = Debug|Any CPU
		{F9238430-3C43-4AD4-B633-1BB607E21B05}.Release|Any CPU.ActiveCfg = Release|Any CPU
		{F9238430-3C43-4AD4-B633-1BB607E21B05}.Release|Any CPU.Build.0 = Release|Any CPU
		{079B82B4-E939-485F-A3C4-E9CCD9FAC9E4}.Debug|Any CPU.ActiveCfg = Debug|Any CPU
		{079B82B4-E939-485F-A3C4-E9CCD9FAC9E4}.Debug|Any CPU.Build.0 = Debug|Any CPU
		{079B82B4-E939-485F-A3C4-E9CCD9FAC9E4}.Release|Any CPU.ActiveCfg = Release|Any CPU
		{079B82B4-E939-485F-A3C4-E9CCD9FAC9E4}.Release|Any CPU.Build.0 = Release|Any CPU
		{2CC52334-93C6-4E07-8002-28D571339D5B}.Debug|Any CPU.ActiveCfg = Debug|Any CPU
		{2CC52334-93C6-4E07-8002-28D571339D5B}.Debug|Any CPU.Build.0 = Debug|Any CPU
		{2CC52334-93C6-4E07-8002-28D571339D5B}.Release|Any CPU.ActiveCfg = Release|Any CPU
		{2CC52334-93C6-4E07-8002-28D571339D5B}.Release|Any CPU.Build.0 = Release|Any CPU
	EndGlobalSection
	GlobalSection(SolutionProperties) = preSolution
		HideSolutionNode = FALSE
	EndGlobalSection
	GlobalSection(ExtensibilityGlobals) = postSolution
		SolutionGuid = {FCB543EE-7C05-496A-81DA-54C14B3F5528}
	EndGlobalSection
EndGlobal
